<?xml version="1.0" encoding="utf-8"?>
<Project ToolsVersion="4.0" xmlns="http://schemas.microsoft.com/developer/msbuild/2003">
  <ItemGroup>
    <Filter Include="源文件">
      <UniqueIdentifier>{4FC737F1-C7A5-4376-A066-2A32D752A2FF}</UniqueIdentifier>
      <Extensions>cpp;c;cc;cxx;def;odl;idl;hpj;bat;asm;asmx</Extensions>
    </Filter>
    <Filter Include="头文件">
      <UniqueIdentifier>{93995380-89BD-4b04-88EB-625FBE52EBFB}</UniqueIdentifier>
      <Extensions>h;hpp;hxx;hm;inl;inc;xsd</Extensions>
    </Filter>
    <Filter Include="资源文件">
      <UniqueIdentifier>{67DA6AB6-F800-4c08-8B7A-83BB121AAD01}</UniqueIdentifier>
      <Extensions>rc;ico;cur;bmp;dlg;rc2;rct;bin;rgs;gif;jpg;jpeg;jpe;resx;tiff;tif;png;wav</Extensions>
    </Filter>
    <Filter Include="ThirdPart">
      <UniqueIdentifier>{fe27aa4c-2dae-4f64-804b-c79a83c40946}</UniqueIdentifier>
    </Filter>
    <Filter Include="ThirdPart\Common">
      <UniqueIdentifier>{9320eb94-94d1-411c-877d-8b6fc6ca3b2f}</UniqueIdentifier>
    </Filter>
    <Filter Include="UI">
      <UniqueIdentifier>{067573dd-b086-46a5-ab69-63e6bc042861}</UniqueIdentifier>
    </Filter>
    <Filter Include="UI\Wnd">
      <UniqueIdentifier>{752e2611-0ae2-4c90-a813-264f4ff57256}</UniqueIdentifier>
    </Filter>
    <Filter Include="UI\Page">
      <UniqueIdentifier>{999acdbe-0a23-4cdd-ac31-816b7aae195d}</UniqueIdentifier>
    </Filter>
    <Filter Include="UI\Tabbar">
      <UniqueIdentifier>{3d778918-480e-42fc-810f-2e967dd4f777}</UniqueIdentifier>
    </Filter>
    <Filter Include="UI\SkinMgr">
      <UniqueIdentifier>{e3edabcd-a5f4-4104-8a7c-135f3aa0a858}</UniqueIdentifier>
    </Filter>
    <Filter Include="ThirdPart\MiscUI">
      <UniqueIdentifier>{e4b2981f-6349-493f-b50c-939ccb745037}</UniqueIdentifier>
    </Filter>
    <Filter Include="Libcef">
      <UniqueIdentifier>{d5f74ed2-8710-462a-ac9c-53e963bec7b7}</UniqueIdentifier>
    </Filter>
    <Filter Include="Libcef\CefBase">
      <UniqueIdentifier>{e6664175-51ab-4d13-bba8-c1afa551ff9a}</UniqueIdentifier>
    </Filter>
    <Filter Include="Libcef\include">
      <UniqueIdentifier>{1ebb2219-2ef7-4095-b2fc-2a2855207531}</UniqueIdentifier>
    </Filter>
    <Filter Include="Libcef\include\base">
      <UniqueIdentifier>{04d9fecd-e21b-4fd6-bb8f-d666b7fd6fce}</UniqueIdentifier>
    </Filter>
    <Filter Include="Libcef\include\base\internal">
      <UniqueIdentifier>{1441e939-e18e-486e-bd96-92c87d6224fe}</UniqueIdentifier>
    </Filter>
    <Filter Include="Libcef\include\capi">
      <UniqueIdentifier>{e1f236fd-f05d-4343-b41c-a6a5bb5a8d8f}</UniqueIdentifier>
    </Filter>
    <Filter Include="Libcef\include\internal">
      <UniqueIdentifier>{8083bc2f-b68c-494b-8655-b6f44a9d4c6c}</UniqueIdentifier>
    </Filter>
    <Filter Include="Libcef\include\wrapper">
      <UniqueIdentifier>{42b9df76-3d92-463d-8aad-706547da94fc}</UniqueIdentifier>
    </Filter>
    <Filter Include="UI\Menu">
      <UniqueIdentifier>{b90f8d12-ee95-49bc-9837-010589e2290f}</UniqueIdentifier>
    </Filter>
    <Filter Include="Libcef\CefBase\browser">
      <UniqueIdentifier>{d95f972c-f8fd-407c-8981-d99aabf4f8b5}</UniqueIdentifier>
    </Filter>
    <Filter Include="Libcef\CefBase\common">
      <UniqueIdentifier>{6dc8922d-1aed-4abb-9d13-ee5abaa6bbc5}</UniqueIdentifier>
    </Filter>
    <Filter Include="Libcef\CefBase\renderer">
      <UniqueIdentifier>{b5b0c03f-3c1c-4117-a173-825f8eb311cf}</UniqueIdentifier>
    </Filter>
  </ItemGroup>
  <ItemGroup>
    <ClCompile Include="Main.cpp">
      <Filter>源文件</Filter>
    </ClCompile>
    <ClCompile Include="Stdafx.cpp">
      <Filter>源文件</Filter>
    </ClCompile>
    <ClCompile Include="ThirdPart\Common\Common.cpp">
      <Filter>ThirdPart\Common</Filter>
    </ClCompile>
    <ClCompile Include="UI\Wnd\AboutWnd.cpp">
      <Filter>UI\Wnd</Filter>
    </ClCompile>
    <ClCompile Include="UI\Wnd\EditMenuWnd.cpp">
      <Filter>UI\Wnd</Filter>
    </ClCompile>
    <ClCompile Include="UI\Wnd\MainWnd.cpp">
      <Filter>UI\Wnd</Filter>
    </ClCompile>
    <ClCompile Include="UI\Wnd\MainWnd_Callback.cpp">
      <Filter>UI\Wnd</Filter>
    </ClCompile>
    <ClCompile Include="UI\Wnd\MainWnd_Msg.cpp">
      <Filter>UI\Wnd</Filter>
    </ClCompile>
    <ClCompile Include="UI\Wnd\MainWnd_Notify.cpp">
      <Filter>UI\Wnd</Filter>
    </ClCompile>
    <ClCompile Include="UI\Page\ChromePage.cpp">
      <Filter>UI\Page</Filter>
    </ClCompile>
    <ClCompile Include="UI\TabBar\UITabBar.cpp">
      <Filter>UI\Tabbar</Filter>
    </ClCompile>
    <ClCompile Include="UI\TabBar\UITabItem.cpp">
      <Filter>UI\Tabbar</Filter>
    </ClCompile>
    <ClCompile Include="UI\SkinMgr\SkinWnd.cpp">
      <Filter>UI\SkinMgr</Filter>
    </ClCompile>
    <ClCompile Include="UI\SkinMgr\UIColorSkin.cpp">
      <Filter>UI\SkinMgr</Filter>
    </ClCompile>
    <ClCompile Include="ThirdPart\MiscUI\WaterEffect.cpp">
      <Filter>ThirdPart\MiscUI</Filter>
    </ClCompile>
    <ClCompile Include="Libcef\UICefWebkit.cpp">
      <Filter>Libcef</Filter>
    </ClCompile>
    <ClCompile Include="Libcef\Win32Wnd.cpp">
      <Filter>Libcef</Filter>
    </ClCompile>
    <ClCompile Include="UI\Menu\MyMenuUI.cpp">
      <Filter>UI\Menu</Filter>
    </ClCompile>
    <ClCompile Include="Libcef\CefBase\browser\client_app_browser.cc">
      <Filter>Libcef\CefBase\browser</Filter>
    </ClCompile>
    <ClCompile Include="Libcef\CefBase\browser\extension_util.cc">
      <Filter>Libcef\CefBase\browser</Filter>
    </ClCompile>
    <ClCompile Include="Libcef\CefBase\browser\file_util.cc">
      <Filter>Libcef\CefBase\browser</Filter>
    </ClCompile>
    <ClCompile Include="Libcef\CefBase\browser\geometry_util.cc">
      <Filter>Libcef\CefBase\browser</Filter>
    </ClCompile>
    <ClCompile Include="Libcef\CefBase\browser\main_message_loop.cc">
      <Filter>Libcef\CefBase\browser</Filter>
    </ClCompile>
    <ClCompile Include="Libcef\CefBase\browser\main_message_loop_external_pump.cc">
      <Filter>Libcef\CefBase\browser</Filter>
    </ClCompile>
    <ClCompile Include="Libcef\CefBase\browser\main_message_loop_external_pump_win.cc">
      <Filter>Libcef\CefBase\browser</Filter>
    </ClCompile>
    <ClCompile Include="Libcef\CefBase\browser\main_message_loop_std.cc">
      <Filter>Libcef\CefBase\browser</Filter>
    </ClCompile>
    <ClCompile Include="Libcef\CefBase\browser\util_win.cc">
      <Filter>Libcef\CefBase\browser</Filter>
    </ClCompile>
    <ClCompile Include="Libcef\CefBase\common\client_app.cc">
      <Filter>Libcef\CefBase\common</Filter>
    </ClCompile>
    <ClCompile Include="Libcef\CefBase\common\client_app_other.cc">
      <Filter>Libcef\CefBase\common</Filter>
    </ClCompile>
    <ClCompile Include="Libcef\CefBase\common\client_switches.cc">
      <Filter>Libcef\CefBase\common</Filter>
    </ClCompile>
    <ClCompile Include="Libcef\CefBase\renderer\client_app_renderer.cc">
      <Filter>Libcef\CefBase\renderer</Filter>
    </ClCompile>
    <ClCompile Include="Libcef\CefBase\simple_app.cc">
      <Filter>Libcef\CefBase</Filter>
    </ClCompile>
    <ClCompile Include="Libcef\CefBase\simple_handler.cc">
      <Filter>Libcef\CefBase</Filter>
    </ClCompile>
    <ClCompile Include="Libcef\CefBase\simple_handler_win.cc">
      <Filter>Libcef\CefBase</Filter>
    </ClCompile>
    <ClCompile Include="Libcef\CefBase\client_handler.cc">
      <Filter>Libcef\CefBase</Filter>
    </ClCompile>
    <ClCompile Include="Libcef\CefBase\utils.cc">
      <Filter>Libcef\CefBase</Filter>
    </ClCompile>
  </ItemGroup>
  <ItemGroup>
    <ClInclude Include="resource.h">
      <Filter>头文件</Filter>
    </ClInclude>
    <ClInclude Include="stdafx.h">
      <Filter>头文件</Filter>
    </ClInclude>
    <ClInclude Include="ThirdPart\Common\Common.h">
      <Filter>ThirdPart\Common</Filter>
    </ClInclude>
    <ClInclude Include="CGlobalMgr.h">
      <Filter>头文件</Filter>
    </ClInclude>
    <ClInclude Include="MsgDefine.h">
      <Filter>头文件</Filter>
    </ClInclude>
    <ClInclude Include="UI\Wnd\AboutWnd.h">
      <Filter>UI\Wnd</Filter>
    </ClInclude>
    <ClInclude Include="UI\Wnd\EditMenuWnd.h">
      <Filter>UI\Wnd</Filter>
    </ClInclude>
    <ClInclude Include="UI\Wnd\MainWnd.h">
      <Filter>UI\Wnd</Filter>
    </ClInclude>
    <ClInclude Include="UI\Page\ChromePage.h">
      <Filter>UI\Page</Filter>
    </ClInclude>
    <ClInclude Include="UI\TabBar\UITabBar.h">
      <Filter>UI\Tabbar</Filter>
    </ClInclude>
    <ClInclude Include="UI\TabBar\UITabItem.h">
      <Filter>UI\Tabbar</Filter>
    </ClInclude>
    <ClInclude Include="UI\SkinMgr\SkinManager.h">
      <Filter>UI\SkinMgr</Filter>
    </ClInclude>
    <ClInclude Include="UI\SkinMgr\SkinWnd.h">
      <Filter>UI\SkinMgr</Filter>
    </ClInclude>
    <ClInclude Include="UI\SkinMgr\UIColorSkin.h">
      <Filter>UI\SkinMgr</Filter>
    </ClInclude>
    <ClInclude Include="ThirdPart\MiscUI\WaterEffect.h">
      <Filter>ThirdPart\MiscUI</Filter>
    </ClInclude>
    <ClInclude Include="Libcef\include\cef_app.h">
      <Filter>Libcef\include</Filter>
    </ClInclude>
    <ClInclude Include="Libcef\include\cef_auth_callback.h">
      <Filter>Libcef\include</Filter>
    </ClInclude>
    <ClInclude Include="Libcef\include\cef_base.h">
      <Filter>Libcef\include</Filter>
    </ClInclude>
    <ClInclude Include="Libcef\include\cef_browser.h">
      <Filter>Libcef\include</Filter>
    </ClInclude>
    <ClInclude Include="Libcef\include\cef_browser_process_handler.h">
      <Filter>Libcef\include</Filter>
    </ClInclude>
    <ClInclude Include="Libcef\include\cef_callback.h">
      <Filter>Libcef\include</Filter>
    </ClInclude>
    <ClInclude Include="Libcef\include\cef_client.h">
      <Filter>Libcef\include</Filter>
    </ClInclude>
    <ClInclude Include="Libcef\include\cef_command_line.h">
      <Filter>Libcef\include</Filter>
    </ClInclude>
    <ClInclude Include="Libcef\include\cef_context_menu_handler.h">
      <Filter>Libcef\include</Filter>
    </ClInclude>
    <ClInclude Include="Libcef\include\cef_cookie.h">
      <Filter>Libcef\include</Filter>
    </ClInclude>
    <ClInclude Include="Libcef\include\cef_dialog_handler.h">
      <Filter>Libcef\include</Filter>
    </ClInclude>
    <ClInclude Include="Libcef\include\cef_display_handler.h">
      <Filter>Libcef\include</Filter>
    </ClInclude>
    <ClInclude Include="Libcef\include\cef_dom.h">
      <Filter>Libcef\include</Filter>
    </ClInclude>
    <ClInclude Include="Libcef\include\cef_download_handler.h">
      <Filter>Libcef\include</Filter>
    </ClInclude>
    <ClInclude Include="Libcef\include\cef_download_item.h">
      <Filter>Libcef\include</Filter>
    </ClInclude>
    <ClInclude Include="Libcef\include\cef_drag_data.h">
      <Filter>Libcef\include</Filter>
    </ClInclude>
    <ClInclude Include="Libcef\include\cef_drag_handler.h">
      <Filter>Libcef\include</Filter>
    </ClInclude>
    <ClInclude Include="Libcef\include\cef_find_handler.h">
      <Filter>Libcef\include</Filter>
    </ClInclude>
    <ClInclude Include="Libcef\include\cef_focus_handler.h">
      <Filter>Libcef\include</Filter>
    </ClInclude>
    <ClInclude Include="Libcef\include\cef_frame.h">
      <Filter>Libcef\include</Filter>
    </ClInclude>
    <ClInclude Include="Libcef\include\cef_geolocation.h">
      <Filter>Libcef\include</Filter>
    </ClInclude>
    <ClInclude Include="Libcef\include\cef_geolocation_handler.h">
      <Filter>Libcef\include</Filter>
    </ClInclude>
    <ClInclude Include="Libcef\include\cef_jsdialog_handler.h">
      <Filter>Libcef\include</Filter>
    </ClInclude>
    <ClInclude Include="Libcef\include\cef_keyboard_handler.h">
      <Filter>Libcef\include</Filter>
    </ClInclude>
    <ClInclude Include="Libcef\include\cef_life_span_handler.h">
      <Filter>Libcef\include</Filter>
    </ClInclude>
    <ClInclude Include="Libcef\include\cef_load_handler.h">
      <Filter>Libcef\include</Filter>
    </ClInclude>
    <ClInclude Include="Libcef\include\cef_menu_model.h">
      <Filter>Libcef\include</Filter>
    </ClInclude>
    <ClInclude Include="Libcef\include\cef_navigation_entry.h">
      <Filter>Libcef\include</Filter>
    </ClInclude>
    <ClInclude Include="Libcef\include\cef_origin_whitelist.h">
      <Filter>Libcef\include</Filter>
    </ClInclude>
    <ClInclude Include="Libcef\include\cef_pack_resources.h">
      <Filter>Libcef\include</Filter>
    </ClInclude>
    <ClInclude Include="Libcef\include\cef_pack_strings.h">
      <Filter>Libcef\include</Filter>
    </ClInclude>
    <ClInclude Include="Libcef\include\cef_parser.h">
      <Filter>Libcef\include</Filter>
    </ClInclude>
    <ClInclude Include="Libcef\include\cef_path_util.h">
      <Filter>Libcef\include</Filter>
    </ClInclude>
    <ClInclude Include="Libcef\include\cef_print_handler.h">
      <Filter>Libcef\include</Filter>
    </ClInclude>
    <ClInclude Include="Libcef\include\cef_print_settings.h">
      <Filter>Libcef\include</Filter>
    </ClInclude>
    <ClInclude Include="Libcef\include\cef_process_message.h">
      <Filter>Libcef\include</Filter>
    </ClInclude>
    <ClInclude Include="Libcef\include\cef_process_util.h">
      <Filter>Libcef\include</Filter>
    </ClInclude>
    <ClInclude Include="Libcef\include\cef_render_handler.h">
      <Filter>Libcef\include</Filter>
    </ClInclude>
    <ClInclude Include="Libcef\include\cef_render_process_handler.h">
      <Filter>Libcef\include</Filter>
    </ClInclude>
    <ClInclude Include="Libcef\include\cef_request.h">
      <Filter>Libcef\include</Filter>
    </ClInclude>
    <ClInclude Include="Libcef\include\cef_request_context.h">
      <Filter>Libcef\include</Filter>
    </ClInclude>
    <ClInclude Include="Libcef\include\cef_request_context_handler.h">
      <Filter>Libcef\include</Filter>
    </ClInclude>
    <ClInclude Include="Libcef\include\cef_request_handler.h">
      <Filter>Libcef\include</Filter>
    </ClInclude>
    <ClInclude Include="Libcef\include\cef_resource_bundle.h">
      <Filter>Libcef\include</Filter>
    </ClInclude>
    <ClInclude Include="Libcef\include\cef_resource_bundle_handler.h">
      <Filter>Libcef\include</Filter>
    </ClInclude>
    <ClInclude Include="Libcef\include\cef_resource_handler.h">
      <Filter>Libcef\include</Filter>
    </ClInclude>
    <ClInclude Include="Libcef\include\cef_response.h">
      <Filter>Libcef\include</Filter>
    </ClInclude>
    <ClInclude Include="Libcef\include\cef_response_filter.h">
      <Filter>Libcef\include</Filter>
    </ClInclude>
    <ClInclude Include="Libcef\include\cef_runnable.h">
      <Filter>Libcef\include</Filter>
    </ClInclude>
    <ClInclude Include="Libcef\include\cef_sandbox_win.h">
      <Filter>Libcef\include</Filter>
    </ClInclude>
    <ClInclude Include="Libcef\include\cef_scheme.h">
      <Filter>Libcef\include</Filter>
    </ClInclude>
    <ClInclude Include="Libcef\include\cef_ssl_info.h">
      <Filter>Libcef\include</Filter>
    </ClInclude>
    <ClInclude Include="Libcef\include\cef_stream.h">
      <Filter>Libcef\include</Filter>
    </ClInclude>
    <ClInclude Include="Libcef\include\cef_string_visitor.h">
      <Filter>Libcef\include</Filter>
    </ClInclude>
    <ClInclude Include="Libcef\include\cef_task.h">
      <Filter>Libcef\include</Filter>
    </ClInclude>
    <ClInclude Include="Libcef\include\cef_trace.h">
      <Filter>Libcef\include</Filter>
    </ClInclude>
    <ClInclude Include="Libcef\include\cef_urlrequest.h">
      <Filter>Libcef\include</Filter>
    </ClInclude>
    <ClInclude Include="Libcef\include\cef_v8.h">
      <Filter>Libcef\include</Filter>
    </ClInclude>
    <ClInclude Include="Libcef\include\cef_values.h">
      <Filter>Libcef\include</Filter>
    </ClInclude>
    <ClInclude Include="Libcef\include\cef_version.h">
      <Filter>Libcef\include</Filter>
    </ClInclude>
    <ClInclude Include="Libcef\include\cef_web_plugin.h">
      <Filter>Libcef\include</Filter>
    </ClInclude>
    <ClInclude Include="Libcef\include\cef_xml_reader.h">
      <Filter>Libcef\include</Filter>
    </ClInclude>
    <ClInclude Include="Libcef\include\cef_zip_reader.h">
      <Filter>Libcef\include</Filter>
    </ClInclude>
    <ClInclude Include="Libcef\include\base\cef_atomic_ref_count.h">
      <Filter>Libcef\include\base</Filter>
    </ClInclude>
    <ClInclude Include="Libcef\include\base\cef_atomicops.h">
      <Filter>Libcef\include\base</Filter>
    </ClInclude>
    <ClInclude Include="Libcef\include\base\cef_basictypes.h">
      <Filter>Libcef\include\base</Filter>
    </ClInclude>
    <ClInclude Include="Libcef\include\base\cef_bind.h">
      <Filter>Libcef\include\base</Filter>
    </ClInclude>
    <ClInclude Include="Libcef\include\base\cef_bind_helpers.h">
      <Filter>Libcef\include\base</Filter>
    </ClInclude>
    <ClInclude Include="Libcef\include\base\cef_build.h">
      <Filter>Libcef\include\base</Filter>
    </ClInclude>
    <ClInclude Include="Libcef\include\base\cef_callback.h">
      <Filter>Libcef\include\base</Filter>
    </ClInclude>
    <ClInclude Include="Libcef\include\base\cef_callback_forward.h">
      <Filter>Libcef\include\base</Filter>
    </ClInclude>
    <ClInclude Include="Libcef\include\base\cef_callback_helpers.h">
      <Filter>Libcef\include\base</Filter>
    </ClInclude>
    <ClInclude Include="Libcef\include\base\cef_callback_list.h">
      <Filter>Libcef\include\base</Filter>
    </ClInclude>
    <ClInclude Include="Libcef\include\base\cef_cancelable_callback.h">
      <Filter>Libcef\include\base</Filter>
    </ClInclude>
    <ClInclude Include="Libcef\include\base\cef_lock.h">
      <Filter>Libcef\include\base</Filter>
    </ClInclude>
    <ClInclude Include="Libcef\include\base\cef_logging.h">
      <Filter>Libcef\include\base</Filter>
    </ClInclude>
    <ClInclude Include="Libcef\include\base\cef_macros.h">
      <Filter>Libcef\include\base</Filter>
    </ClInclude>
    <ClInclude Include="Libcef\include\base\cef_move.h">
      <Filter>Libcef\include\base</Filter>
    </ClInclude>
    <ClInclude Include="Libcef\include\base\cef_platform_thread.h">
      <Filter>Libcef\include\base</Filter>
    </ClInclude>
    <ClInclude Include="Libcef\include\base\cef_ref_counted.h">
      <Filter>Libcef\include\base</Filter>
    </ClInclude>
    <ClInclude Include="Libcef\include\base\cef_scoped_ptr.h">
      <Filter>Libcef\include\base</Filter>
    </ClInclude>
    <ClInclude Include="Libcef\include\base\cef_string16.h">
      <Filter>Libcef\include\base</Filter>
    </ClInclude>
    <ClInclude Include="Libcef\include\base\cef_template_util.h">
      <Filter>Libcef\include\base</Filter>
    </ClInclude>
    <ClInclude Include="Libcef\include\base\cef_thread_checker.h">
      <Filter>Libcef\include\base</Filter>
    </ClInclude>
    <ClInclude Include="Libcef\include\base\cef_thread_collision_warner.h">
      <Filter>Libcef\include\base</Filter>
    </ClInclude>
    <ClInclude Include="Libcef\include\base\cef_trace_event.h">
      <Filter>Libcef\include\base</Filter>
    </ClInclude>
    <ClInclude Include="Libcef\include\base\cef_tuple.h">
      <Filter>Libcef\include\base</Filter>
    </ClInclude>
    <ClInclude Include="Libcef\include\base\cef_weak_ptr.h">
      <Filter>Libcef\include\base</Filter>
    </ClInclude>
    <ClInclude Include="Libcef\include\base\internal\cef_atomicops_x86_msvc.h">
      <Filter>Libcef\include\base\internal</Filter>
    </ClInclude>
    <ClInclude Include="Libcef\include\base\internal\cef_bind_internal.h">
      <Filter>Libcef\include\base\internal</Filter>
    </ClInclude>
    <ClInclude Include="Libcef\include\base\internal\cef_bind_internal_win.h">
      <Filter>Libcef\include\base\internal</Filter>
    </ClInclude>
    <ClInclude Include="Libcef\include\base\internal\cef_callback_internal.h">
      <Filter>Libcef\include\base\internal</Filter>
    </ClInclude>
    <ClInclude Include="Libcef\include\base\internal\cef_lock_impl.h">
      <Filter>Libcef\include\base\internal</Filter>
    </ClInclude>
    <ClInclude Include="Libcef\include\base\internal\cef_raw_scoped_refptr_mismatch_checker.h">
      <Filter>Libcef\include\base\internal</Filter>
    </ClInclude>
    <ClInclude Include="Libcef\include\base\internal\cef_thread_checker_impl.h">
      <Filter>Libcef\include\base\internal</Filter>
    </ClInclude>
    <ClInclude Include="Libcef\include\capi\cef_app_capi.h">
      <Filter>Libcef\include\capi</Filter>
    </ClInclude>
    <ClInclude Include="Libcef\include\capi\cef_auth_callback_capi.h">
      <Filter>Libcef\include\capi</Filter>
    </ClInclude>
    <ClInclude Include="Libcef\include\capi\cef_base_capi.h">
      <Filter>Libcef\include\capi</Filter>
    </ClInclude>
    <ClInclude Include="Libcef\include\capi\cef_browser_capi.h">
      <Filter>Libcef\include\capi</Filter>
    </ClInclude>
    <ClInclude Include="Libcef\include\capi\cef_browser_process_handler_capi.h">
      <Filter>Libcef\include\capi</Filter>
    </ClInclude>
    <ClInclude Include="Libcef\include\capi\cef_callback_capi.h">
      <Filter>Libcef\include\capi</Filter>
    </ClInclude>
    <ClInclude Include="Libcef\include\capi\cef_client_capi.h">
      <Filter>Libcef\include\capi</Filter>
    </ClInclude>
    <ClInclude Include="Libcef\include\capi\cef_command_line_capi.h">
      <Filter>Libcef\include\capi</Filter>
    </ClInclude>
    <ClInclude Include="Libcef\include\capi\cef_context_menu_handler_capi.h">
      <Filter>Libcef\include\capi</Filter>
    </ClInclude>
    <ClInclude Include="Libcef\include\capi\cef_cookie_capi.h">
      <Filter>Libcef\include\capi</Filter>
    </ClInclude>
    <ClInclude Include="Libcef\include\capi\cef_dialog_handler_capi.h">
      <Filter>Libcef\include\capi</Filter>
    </ClInclude>
    <ClInclude Include="Libcef\include\capi\cef_display_handler_capi.h">
      <Filter>Libcef\include\capi</Filter>
    </ClInclude>
    <ClInclude Include="Libcef\include\capi\cef_dom_capi.h">
      <Filter>Libcef\include\capi</Filter>
    </ClInclude>
    <ClInclude Include="Libcef\include\capi\cef_download_handler_capi.h">
      <Filter>Libcef\include\capi</Filter>
    </ClInclude>
    <ClInclude Include="Libcef\include\capi\cef_download_item_capi.h">
      <Filter>Libcef\include\capi</Filter>
    </ClInclude>
    <ClInclude Include="Libcef\include\capi\cef_drag_data_capi.h">
      <Filter>Libcef\include\capi</Filter>
    </ClInclude>
    <ClInclude Include="Libcef\include\capi\cef_drag_handler_capi.h">
      <Filter>Libcef\include\capi</Filter>
    </ClInclude>
    <ClInclude Include="Libcef\include\capi\cef_find_handler_capi.h">
      <Filter>Libcef\include\capi</Filter>
    </ClInclude>
    <ClInclude Include="Libcef\include\capi\cef_focus_handler_capi.h">
      <Filter>Libcef\include\capi</Filter>
    </ClInclude>
    <ClInclude Include="Libcef\include\capi\cef_frame_capi.h">
      <Filter>Libcef\include\capi</Filter>
    </ClInclude>
    <ClInclude Include="Libcef\include\capi\cef_geolocation_capi.h">
      <Filter>Libcef\include\capi</Filter>
    </ClInclude>
    <ClInclude Include="Libcef\include\capi\cef_geolocation_handler_capi.h">
      <Filter>Libcef\include\capi</Filter>
    </ClInclude>
    <ClInclude Include="Libcef\include\capi\cef_jsdialog_handler_capi.h">
      <Filter>Libcef\include\capi</Filter>
    </ClInclude>
    <ClInclude Include="Libcef\include\capi\cef_keyboard_handler_capi.h">
      <Filter>Libcef\include\capi</Filter>
    </ClInclude>
    <ClInclude Include="Libcef\include\capi\cef_life_span_handler_capi.h">
      <Filter>Libcef\include\capi</Filter>
    </ClInclude>
    <ClInclude Include="Libcef\include\capi\cef_load_handler_capi.h">
      <Filter>Libcef\include\capi</Filter>
    </ClInclude>
    <ClInclude Include="Libcef\include\capi\cef_menu_model_capi.h">
      <Filter>Libcef\include\capi</Filter>
    </ClInclude>
    <ClInclude Include="Libcef\include\capi\cef_navigation_entry_capi.h">
      <Filter>Libcef\include\capi</Filter>
    </ClInclude>
    <ClInclude Include="Libcef\include\capi\cef_origin_whitelist_capi.h">
      <Filter>Libcef\include\capi</Filter>
    </ClInclude>
    <ClInclude Include="Libcef\include\capi\cef_parser_capi.h">
      <Filter>Libcef\include\capi</Filter>
    </ClInclude>
    <ClInclude Include="Libcef\include\capi\cef_path_util_capi.h">
      <Filter>Libcef\include\capi</Filter>
    </ClInclude>
    <ClInclude Include="Libcef\include\capi\cef_print_handler_capi.h">
      <Filter>Libcef\include\capi</Filter>
    </ClInclude>
    <ClInclude Include="Libcef\include\capi\cef_print_settings_capi.h">
      <Filter>Libcef\include\capi</Filter>
    </ClInclude>
    <ClInclude Include="Libcef\include\capi\cef_process_message_capi.h">
      <Filter>Libcef\include\capi</Filter>
    </ClInclude>
    <ClInclude Include="Libcef\include\capi\cef_process_util_capi.h">
      <Filter>Libcef\include\capi</Filter>
    </ClInclude>
    <ClInclude Include="Libcef\include\capi\cef_render_handler_capi.h">
      <Filter>Libcef\include\capi</Filter>
    </ClInclude>
    <ClInclude Include="Libcef\include\capi\cef_render_process_handler_capi.h">
      <Filter>Libcef\include\capi</Filter>
    </ClInclude>
    <ClInclude Include="Libcef\include\capi\cef_request_capi.h">
      <Filter>Libcef\include\capi</Filter>
    </ClInclude>
    <ClInclude Include="Libcef\include\capi\cef_request_context_capi.h">
      <Filter>Libcef\include\capi</Filter>
    </ClInclude>
    <ClInclude Include="Libcef\include\capi\cef_request_context_handler_capi.h">
      <Filter>Libcef\include\capi</Filter>
    </ClInclude>
    <ClInclude Include="Libcef\include\capi\cef_request_handler_capi.h">
      <Filter>Libcef\include\capi</Filter>
    </ClInclude>
    <ClInclude Include="Libcef\include\capi\cef_resource_bundle_capi.h">
      <Filter>Libcef\include\capi</Filter>
    </ClInclude>
    <ClInclude Include="Libcef\include\capi\cef_resource_bundle_handler_capi.h">
      <Filter>Libcef\include\capi</Filter>
    </ClInclude>
    <ClInclude Include="Libcef\include\capi\cef_resource_handler_capi.h">
      <Filter>Libcef\include\capi</Filter>
    </ClInclude>
    <ClInclude Include="Libcef\include\capi\cef_response_capi.h">
      <Filter>Libcef\include\capi</Filter>
    </ClInclude>
    <ClInclude Include="Libcef\include\capi\cef_response_filter_capi.h">
      <Filter>Libcef\include\capi</Filter>
    </ClInclude>
    <ClInclude Include="Libcef\include\capi\cef_scheme_capi.h">
      <Filter>Libcef\include\capi</Filter>
    </ClInclude>
    <ClInclude Include="Libcef\include\capi\cef_ssl_info_capi.h">
      <Filter>Libcef\include\capi</Filter>
    </ClInclude>
    <ClInclude Include="Libcef\include\capi\cef_stream_capi.h">
      <Filter>Libcef\include\capi</Filter>
    </ClInclude>
    <ClInclude Include="Libcef\include\capi\cef_string_visitor_capi.h">
      <Filter>Libcef\include\capi</Filter>
    </ClInclude>
    <ClInclude Include="Libcef\include\capi\cef_task_capi.h">
      <Filter>Libcef\include\capi</Filter>
    </ClInclude>
    <ClInclude Include="Libcef\include\capi\cef_trace_capi.h">
      <Filter>Libcef\include\capi</Filter>
    </ClInclude>
    <ClInclude Include="Libcef\include\capi\cef_urlrequest_capi.h">
      <Filter>Libcef\include\capi</Filter>
    </ClInclude>
    <ClInclude Include="Libcef\include\capi\cef_v8_capi.h">
      <Filter>Libcef\include\capi</Filter>
    </ClInclude>
    <ClInclude Include="Libcef\include\capi\cef_values_capi.h">
      <Filter>Libcef\include\capi</Filter>
    </ClInclude>
    <ClInclude Include="Libcef\include\capi\cef_web_plugin_capi.h">
      <Filter>Libcef\include\capi</Filter>
    </ClInclude>
    <ClInclude Include="Libcef\include\capi\cef_xml_reader_capi.h">
      <Filter>Libcef\include\capi</Filter>
    </ClInclude>
    <ClInclude Include="Libcef\include\capi\cef_zip_reader_capi.h">
      <Filter>Libcef\include\capi</Filter>
    </ClInclude>
    <ClInclude Include="Libcef\include\internal\cef_export.h">
      <Filter>Libcef\include\internal</Filter>
    </ClInclude>
    <ClInclude Include="Libcef\include\internal\cef_logging_internal.h">
      <Filter>Libcef\include\internal</Filter>
    </ClInclude>
    <ClInclude Include="Libcef\include\internal\cef_ptr.h">
      <Filter>Libcef\include\internal</Filter>
    </ClInclude>
    <ClInclude Include="Libcef\include\internal\cef_string.h">
      <Filter>Libcef\include\internal</Filter>
    </ClInclude>
    <ClInclude Include="Libcef\include\internal\cef_string_list.h">
      <Filter>Libcef\include\internal</Filter>
    </ClInclude>
    <ClInclude Include="Libcef\include\internal\cef_string_map.h">
      <Filter>Libcef\include\internal</Filter>
    </ClInclude>
    <ClInclude Include="Libcef\include\internal\cef_string_multimap.h">
      <Filter>Libcef\include\internal</Filter>
    </ClInclude>
    <ClInclude Include="Libcef\include\internal\cef_string_types.h">
      <Filter>Libcef\include\internal</Filter>
    </ClInclude>
    <ClInclude Include="Libcef\include\internal\cef_string_wrappers.h">
      <Filter>Libcef\include\internal</Filter>
    </ClInclude>
    <ClInclude Include="Libcef\include\internal\cef_thread_internal.h">
      <Filter>Libcef\include\internal</Filter>
    </ClInclude>
    <ClInclude Include="Libcef\include\internal\cef_time.h">
      <Filter>Libcef\include\internal</Filter>
    </ClInclude>
    <ClInclude Include="Libcef\include\internal\cef_trace_event_internal.h">
      <Filter>Libcef\include\internal</Filter>
    </ClInclude>
    <ClInclude Include="Libcef\include\internal\cef_types.h">
      <Filter>Libcef\include\internal</Filter>
    </ClInclude>
    <ClInclude Include="Libcef\include\internal\cef_types_win.h">
      <Filter>Libcef\include\internal</Filter>
    </ClInclude>
    <ClInclude Include="Libcef\include\internal\cef_types_wrappers.h">
      <Filter>Libcef\include\internal</Filter>
    </ClInclude>
    <ClInclude Include="Libcef\include\internal\cef_win.h">
      <Filter>Libcef\include\internal</Filter>
    </ClInclude>
    <ClInclude Include="Libcef\include\wrapper\cef_byte_read_handler.h">
      <Filter>Libcef\include\wrapper</Filter>
    </ClInclude>
    <ClInclude Include="Libcef\include\wrapper\cef_closure_task.h">
      <Filter>Libcef\include\wrapper</Filter>
    </ClInclude>
    <ClInclude Include="Libcef\include\wrapper\cef_helpers.h">
      <Filter>Libcef\include\wrapper</Filter>
    </ClInclude>
    <ClInclude Include="Libcef\include\wrapper\cef_message_router.h">
      <Filter>Libcef\include\wrapper</Filter>
    </ClInclude>
    <ClInclude Include="Libcef\include\wrapper\cef_resource_manager.h">
      <Filter>Libcef\include\wrapper</Filter>
    </ClInclude>
    <ClInclude Include="Libcef\include\wrapper\cef_stream_resource_handler.h">
      <Filter>Libcef\include\wrapper</Filter>
    </ClInclude>
    <ClInclude Include="Libcef\include\wrapper\cef_xml_object.h">
      <Filter>Libcef\include\wrapper</Filter>
    </ClInclude>
    <ClInclude Include="Libcef\include\wrapper\cef_zip_archive.h">
      <Filter>Libcef\include\wrapper</Filter>
    </ClInclude>
    <ClInclude Include="Libcef\UICefWebkit.h">
      <Filter>Libcef</Filter>
    </ClInclude>
    <ClInclude Include="Libcef\Win32Wnd.h">
      <Filter>Libcef</Filter>
    </ClInclude>
    <ClInclude Include="UI\Menu\MyMenuUI.h">
      <Filter>UI\Menu</Filter>
    </ClInclude>
    <ClInclude Include="Libcef\CefBase\browser\client_app_browser.h">
      <Filter>Libcef\CefBase\browser</Filter>
    </ClInclude>
    <ClInclude Include="Libcef\CefBase\browser\extension_util.h">
      <Filter>Libcef\CefBase\browser</Filter>
    </ClInclude>
    <ClInclude Include="Libcef\CefBase\browser\file_util.h">
      <Filter>Libcef\CefBase\browser</Filter>
    </ClInclude>
    <ClInclude Include="Libcef\CefBase\browser\geometry_util.h">
      <Filter>Libcef\CefBase\browser</Filter>
    </ClInclude>
    <ClInclude Include="Libcef\CefBase\browser\main_message_loop.h">
      <Filter>Libcef\CefBase\browser</Filter>
    </ClInclude>
    <ClInclude Include="Libcef\CefBase\browser\main_message_loop_external_pump.h">
      <Filter>Libcef\CefBase\browser</Filter>
    </ClInclude>
    <ClInclude Include="Libcef\CefBase\browser\main_message_loop_std.h">
      <Filter>Libcef\CefBase\browser</Filter>
    </ClInclude>
    <ClInclude Include="Libcef\CefBase\browser\util_win.h">
      <Filter>Libcef\CefBase\browser</Filter>
    </ClInclude>
    <ClInclude Include="Libcef\CefBase\common\client_app.h">
      <Filter>Libcef\CefBase\common</Filter>
    </ClInclude>
    <ClInclude Include="Libcef\CefBase\common\client_app_other.h">
      <Filter>Libcef\CefBase\common</Filter>
    </ClInclude>
    <ClInclude Include="Libcef\CefBase\common\client_switches.h">
      <Filter>Libcef\CefBase\common</Filter>
    </ClInclude>
    <ClInclude Include="Libcef\CefBase\renderer\client_app_renderer.h">
      <Filter>Libcef\CefBase\renderer</Filter>
    </ClInclude>
    <ClInclude Include="Libcef\CefBase\simple_app.h">
      <Filter>Libcef\CefBase</Filter>
    </ClInclude>
    <ClInclude Include="Libcef\CefBase\simple_handler.h">
      <Filter>Libcef\CefBase</Filter>
    </ClInclude>
    <ClInclude Include="Libcef\CefBase\delegate.h">
      <Filter>Libcef\CefBase</Filter>
    </ClInclude>
    <ClInclude Include="Libcef\CefBase\client_handler.h">
      <Filter>Libcef\CefBase</Filter>
    </ClInclude>
    <ClInclude Include="Libcef\CefBase\utils.h">
      <Filter>Libcef\CefBase</Filter>
    </ClInclude>
    <ClInclude Include="Libcef\CefBase\app_render_delegate.h">
      <Filter>Libcef\CefBase</Filter>
    </ClInclude>
    <ClInclude Include="Libcef\CefBase\app_browser_delegate.h">
      <Filter>Libcef\CefBase</Filter>
    </ClInclude>
  </ItemGroup>
  <ItemGroup>
    <None Include="Res\web.ico">
      <Filter>资源文件</Filter>
    </None>
  </ItemGroup>
  <ItemGroup>
    <ResourceCompile Include="MyChrome.rc">
      <Filter>资源文件</Filter>
    </ResourceCompile>
  </ItemGroup>
</Project>